
Microsoft Visual Studio Solution File, Format Version 11.00
# Visual Studio 2010
Project("{FAE04EC0-301F-11D3-BF4B-00C04F79EFBC}") = "DomsBlog", "DomsBlog\DomsBlog.csproj", "{3ACC8F33-9F2E-4FDD-B58D-2F98CEC062B8}"
EndProject
Project("{FAE04EC0-301F-11D3-BF4B-00C04F79EFBC}") = "MvcLibrary", "MvcLibrary\MvcLibrary.csproj", "{C6F91BC2-C880-43A7-A8E9-061B1AA5D457}"
EndProject
Project("{2150E333-8FDC-42A3-9474-1A3956D46DE8}") = "Database Scripts", "Database Scripts", "{8423081A-781F-4623-ABB1-39A4A8671AA3}"
	ProjectSection(SolutionItems) = preProject
		Database Scrips\Build Database.sql = Database Scrips\Build Database.sql
	EndProjectSection
EndProject
Global
	GlobalSection(TestCaseManagementSettings) = postSolution
		CategoryFile = DomsBlog.vsmdi
	EndGlobalSection
	GlobalSection(SolutionConfigurationPlatforms) = preSolution
		Debug|Any CPU = Debug|Any CPU
		Release|Any CPU = Release|Any CPU
	EndGlobalSection
	GlobalSection(ProjectConfigurationPlatforms) = postSolution
		{3ACC8F33-9F2E-4FDD-B58D-2F98CEC062B8}.Debug|Any CPU.ActiveCfg = Debug|Any CPU
		{3ACC8F33-9F2E-4FDD-B58D-2F98CEC062B8}.Debug|Any CPU.Build.0 = Debug|Any CPU
		{3ACC8F33-9F2E-4FDD-B58D-2F98CEC062B8}.Release|Any CPU.ActiveCfg = Release|Any CPU
		{3ACC8F33-9F2E-4FDD-B58D-2F98CEC062B8}.Release|Any CPU.Build.0 = Release|Any CPU
		{C6F91BC2-C880-43A7-A8E9-061B1AA5D457}.Debug|Any CPU.ActiveCfg = Debug|Any CPU
		{C6F91BC2-C880-43A7-A8E9-061B1AA5D457}.Debug|Any CPU.Build.0 = Debug|Any CPU
		{C6F91BC2-C880-43A7-A8E9-061B1AA5D457}.Release|Any CPU.ActiveCfg = Release|Any CPU
		{C6F91BC2-C880-43A7-A8E9-061B1AA5D457}.Release|Any CPU.Build.0 = Release|Any CPU
	EndGlobalSection
	GlobalSection(SolutionProperties) = preSolution
		HideSolutionNode = FALSE
	EndGlobalSection
	GlobalSection(ExtensibilityGlobals) = postSolution
		VisualSVNWorkingCopyRoot = .
	EndGlobalSection
EndGlobal
